// !$*UTF8*$!
{
	archiveVersion = 1;
	classes = {
	};
	objectVersion = 46;
	objects = {

/* Begin PBXBuildFile section */
		4ECAE1441B697389000200C3 /* AppDelegate.swift in Sources */ = {isa = PBXBuildFile; fileRef = 4ECAE1431B697389000200C3 /* AppDelegate.swift */; };
		4ECAE1471B697389000200C3 /* Soundboard.xcdatamodeld in Sources */ = {isa = PBXBuildFile; fileRef = 4ECAE1451B697389000200C3 /* Soundboard.xcdatamodeld */; };
		4ECAE1491B697389000200C3 /* ViewController.swift in Sources */ = {isa = PBXBuildFile; fileRef = 4ECAE1481B697389000200C3 /* ViewController.swift */; };
		4ECAE14C1B697389000200C3 /* Main.storyboard in Resources */ = {isa = PBXBuildFile; fileRef = 4ECAE14A1B697389000200C3 /* Main.storyboard */; };
		4ECAE14E1B697389000200C3 /* Images.xcassets in Resources */ = {isa = PBXBuildFile; fileRef = 4ECAE14D1B697389000200C3 /* Images.xcassets */; };
		4ECAE1511B697389000200C3 /* LaunchScreen.xib in Resources */ = {isa = PBXBuildFile; fileRef = 4ECAE14F1B697389000200C3 /* LaunchScreen.xib */; };
		4ECAE15D1B697389000200C3 /* SoundboardTests.swift in Sources */ = {isa = PBXBuildFile; fileRef = 4ECAE15C1B697389000200C3 /* SoundboardTests.swift */; };
/* End PBXBuildFile section */

/* Begin PBXContainerItemProxy section */
		4ECAE1571B697389000200C3 /* PBXContainerItemProxy */ = {
			isa = PBXContainerItemProxy;
			containerPortal = 4ECAE1361B697389000200C3 /* Project object */;
			proxyType = 1;
			remoteGlobalIDString = 4ECAE13D1B697389000200C3;
			remoteInfo = Soundboard;
		};
/* End PBXContainerItemProxy section */

/* Begin PBXFileReference section */
		4ECAE13E1B697389000200C3 /* Soundboard.app */ = {isa = PBXFileReference; explicitFileType = wrapper.application; includeInIndex = 0; path = Soundboard.app; sourceTree = BUILT_PRODUCTS_DIR; };
		4ECAE1421B697389000200C3 /* Info.plist */ = {isa = PBXFileReference; lastKnownFileType = text.plist.xml; path = Info.plist; sourceTree = "<group>"; };
		4ECAE1431B697389000200C3 /* AppDelegate.swift */ = {isa = PBXFileReference; lastKnownFileType = sourcecode.swift; path = AppDelegate.swift; sourceTree = "<group>"; };
		4ECAE1461B697389000200C3 /* Soundboard.xcdatamodel */ = {isa = PBXFileReference; lastKnownFileType = wrapper.xcdatamodel; path = Soundboard.xcdatamodel; sourceTree = "<group>"; };
		4ECAE1481B697389000200C3 /* ViewController.swift */ = {isa = PBXFileReference; lastKnownFileType = sourcecode.swift; path = ViewController.swift; sourceTree = "<group>"; };
		4ECAE14B1B697389000200C3 /* Base */ = {isa = PBXFileReference; lastKnownFileType = file.storyboard; name = Base; path = Base.lproj/Main.storyboard; sourceTree = "<group>"; };
		4ECAE14D1B697389000200C3 /* Images.xcassets */ = {isa = PBXFileReference; lastKnownFileType = folder.assetcatalog; path = Images.xcassets; sourceTree = "<group>"; };
		4ECAE1501B697389000200C3 /* Base */ = {isa = PBXFileReference; lastKnownFileType = file.xib; name = Base; path = Base.lproj/LaunchScreen.xib; sourceTree = "<group>"; };
		4ECAE1561B697389000200C3 /* SoundboardTests.xctest */ = {isa = PBXFileReference; explicitFileType = wrapper.cfbundle; includeInIndex = 0; path = SoundboardTests.xctest; sourceTree = BUILT_PRODUCTS_DIR; };
		4ECAE15B1B697389000200C3 /* Info.plist */ = {isa = PBXFileReference; lastKnownFileType = text.plist.xml; path = Info.plist; sourceTree = "<group>"; };
		4ECAE15C1B697389000200C3 /* SoundboardTests.swift */ = {isa = PBXFileReference; lastKnownFileType = sourcecode.swift; path = SoundboardTests.swift; sourceTree = "<group>"; };
/* End PBXFileReference section */

/* Begin PBXFrameworksBuildPhase section */
		4ECAE13B1B697389000200C3 /* Frameworks */ = {
			isa = PBXFrameworksBuildPhase;
			buildActionMask = 2147483647;
			files = (
			);
			runOnlyForDeploymentPostprocessing = 0;
		};
		4ECAE1531B697389000200C3 /* Frameworks */ = {
			isa = PBXFrameworksBuildPhase;
			buildActionMask = 2147483647;
			files = (
			);
			runOnlyForDeploymentPostprocessing = 0;
		};
/* End PBXFrameworksBuildPhase section */

/* Begin PBXGroup section */
		4ECAE1351B697389000200C3 = {
			isa = PBXGroup;
			children = (
				4ECAE1401B697389000200C3 /* Soundboard */,
				4ECAE1591B697389000200C3 /* SoundboardTests */,
				4ECAE13F1B697389000200C3 /* Products */,
			);
			sourceTree = "<group>";
		};
		4ECAE13F1B697389000200C3 /* Products */ = {
			isa = PBXGroup;
			children = (
				4ECAE13E1B697389000200C3 /* Soundboard.app */,
				4ECAE1561B697389000200C3 /* SoundboardTests.xctest */,
			);
			name = Products;
			sourceTree = "<group>";
		};
		4ECAE1401B697389000200C3 /* Soundboard */ = {
			isa = PBXGroup;
			children = (
				4ECAE1431B697389000200C3 /* AppDelegate.swift */,
				4ECAE1481B697389000200C3 /* ViewController.swift */,
				4ECAE14A1B697389000200C3 /* Main.storyboard */,
				4ECAE14D1B697389000200C3 /* Images.xcassets */,
				4ECAE14F1B697389000200C3 /* LaunchScreen.xib */,
				4ECAE1451B697389000200C3 /* Soundboard.xcdatamodeld */,
				4ECAE1411B697389000200C3 /* Supporting Files */,
			);
			path = Soundboard;
			sourceTree = "<group>";
		};
		4ECAE1411B697389000200C3 /* Supporting Files */ = {
			isa = PBXGroup;
			children = (
				4ECAE1421B697389000200C3 /* Info.plist */,
			);
			name = "Supporting Files";
			sourceTree = "<group>";
		};
		4ECAE1591B697389000200C3 /* SoundboardTests */ = {
			isa = PBXGroup;
			children = (
				4ECAE15C1B697389000200C3 /* SoundboardTests.swift */,
				4ECAE15A1B697389000200C3 /* Supporting Files */,
			);
			path = SoundboardTests;
			sourceTree = "<group>";
		};
		4ECAE15A1B697389000200C3 /* Supporting Files */ = {
			isa = PBXGroup;
			children = (
				4ECAE15B1B697389000200C3 /* Info.plist */,
			);
			name = "Supporting Files";
			sourceTree = "<group>";
		};
/* End PBXGroup section */

/* Begin PBXNativeTarget section */
		4ECAE13D1B697389000200C3 /* Soundboard */ = {
			isa = PBXNativeTarget;
			buildConfigurationList = 4ECAE1601B697389000200C3 /* Build configuration list for PBXNativeTarget "Soundboard" */;
			buildPhases = (
				4ECAE13A1B697389000200C3 /* Sources */,
				4ECAE13B1B697389000200C3 /* Frameworks */,
				4ECAE13C1B697389000200C3 /* Resources */,
			);
			buildRules = (
			);
			dependencies = (
			);
			name = Soundboard;
			productName = Soundboard;
			productReference = 4ECAE13E1B697389000200C3 /* Soundboard.app */;
			productType = "com.apple.product-type.application";
		};
		4ECAE1551B697389000200C3 /* SoundboardTests */ = {
			isa = PBXNativeTarget;
			buildConfigurationList = 4ECAE1631B697389000200C3 /* Build configuration list for PBXNativeTarget "SoundboardTests" */;
			buildPhases = (
				4ECAE1521B697389000200C3 /* Sources */,
				4ECAE1531B697389000200C3 /* Frameworks */,
				4ECAE1541B697389000200C3 /* Resources */,
			);
			buildRules = (
			);
			dependencies = (
				4ECAE1581B697389000200C3 /* PBXTargetDependency */,
			);
			name = SoundboardTests;
			productName = SoundboardTests;
			productReference = 4ECAE1561B697389000200C3 /* SoundboardTests.xctest */;
			productType = "com.apple.product-type.bundle.unit-test";
		};
/* End PBXNativeTarget section */

/* Begin PBXProject section */
		4ECAE1361B697389000200C3 /* Project object */ = {
			isa = PBXProject;
			attributes = {
				LastUpgradeCheck = 0640;
				ORGANIZATIONNAME = garyi113;
				TargetAttributes = {
					4ECAE13D1B697389000200C3 = {
						CreatedOnToolsVersion = 6.4;
					};
					4ECAE1551B697389000200C3 = {
						CreatedOnToolsVersion = 6.4;
						TestTargetID = 4ECAE13D1B697389000200C3;
					};
				};
			};
			buildConfigurationList = 4ECAE1391B697389000200C3 /* Build configuration list for PBXProject "Soundboard" */;
			compatibilityVersion = "Xcode 3.2";
			developmentRegion = English;
			hasScannedForEncodings = 0;
			knownRegions = (
				en,
				Base,
			);
			mainGroup = 4ECAE1351B697389000200C3;
			productRefGroup = 4ECAE13F1B697389000200C3 /* Products */;
			projectDirPath = "";
			projectRoot = "";
			targets = (
				4ECAE13D1B697389000200C3 /* Soundboard */,
				4ECAE1551B697389000200C3 /* SoundboardTests */,
			);
		};
/* End PBXProject section */

/* Begin PBXResourcesBuildPhase section */
		4ECAE13C1B697389000200C3 /* Resources */ = {
			isa = PBXResourcesBuildPhase;
			buildActionMask = 2147483647;
			files = (
				4ECAE14C1B697389000200C3 /* Main.storyboard in Resources */,
				4ECAE1511B697389000200C3 /* LaunchScreen.xib in Resources */,
				4ECAE14E1B697389000200C3 /* Images.xcassets in Resources */,
			);
			runOnlyForDeploymentPostprocessing = 0;
		};
		4ECAE1541B697389000200C3 /* Resources */ = {
			isa = PBXResourcesBuildPhase;
			buildActionMask = 2147483647;
			files = (
			);
			runOnlyForDeploymentPostprocessing = 0;
		};
/* End PBXResourcesBuildPhase section */

/* Begin PBXSourcesBuildPhase section */
		4ECAE13A1B697389000200C3 /* Sources */ = {
			isa = PBXSourcesBuildPhase;
			buildActionMask = 2147483647;
			files = (
				4ECAE1491B697389000200C3 /* ViewController.swift in Sources */,
				4ECAE1471B697389000200C3 /* Soundboard.xcdatamodeld in Sources */,
				4ECAE1441B697389000200C3 /* AppDelegate.swift in Sources */,
			);
			runOnlyForDeploymentPostprocessing = 0;
		};
		4ECAE1521B697389000200C3 /* Sources */ = {
			isa = PBXSourcesBuildPhase;
			buildActionMask = 2147483647;
			files = (
				4ECAE15D1B697389000200C3 /* SoundboardTests.swift in Sources */,
			);
			runOnlyForDeploymentPostprocessing = 0;
		};
/* End PBXSourcesBuildPhase section */

/* Begin PBXTargetDependency section */
		4ECAE1581B697389000200C3 /* PBXTargetDependency */ = {
			isa = PBXTargetDependency;
			target = 4ECAE13D1B697389000200C3 /* Soundboard */;
			targetProxy = 4ECAE1571B697389000200C3 /* PBXContainerItemProxy */;
		};
/* End PBXTargetDependency section */

/* Begin PBXVariantGroup section */
		4ECAE14A1B697389000200C3 /* Main.storyboard */ = {
			isa = PBXVariantGroup;
			children = (
				4ECAE14B1B697389000200C3 /* Base */,
			);
			name = Main.storyboard;
			sourceTree = "<group>";
		};
		4ECAE14F1B697389000200C3 /* LaunchScreen.xib */ = {
			isa = PBXVariantGroup;
			children = (
				4ECAE1501B697389000200C3 /* Base */,
			);
			name = LaunchScreen.xib;
			sourceTree = "<group>";
		};
/* End PBXVariantGroup section */

/* Begin XCBuildConfiguration section */
		4ECAE15E1B697389000200C3 /* Debug */ = {
			isa = XCBuildConfiguration;
			buildSettings = {
				ALWAYS_SEARCH_USER_PATHS = NO;
				CLANG_CXX_LANGUAGE_STANDARD = "gnu++0x";
				CLANG_CXX_LIBRARY = "libc++";
				CLANG_ENABLE_MODULES = YES;
				CLANG_ENABLE_OBJC_ARC = YES;
				CLANG_WARN_BOOL_CONVERSION = YES;
				CLANG_WARN_CONSTANT_CONVERSION = YES;
				CLANG_WARN_DIRECT_OBJC_ISA_USAGE = YES_ERROR;
				CLANG_WARN_EMPTY_BODY = YES;
				CLANG_WARN_ENUM_CONVERSION = YES;
				CLANG_WARN_INT_CONVERSION = YES;
				CLANG_WARN_OBJC_ROOT_CLASS = YES_ERROR;
				CLANG_WARN_UNREACHABLE_CODE = YES;
				CLANG_WARN__DUPLICATE_METHOD_MATCH = YES;
				"CODE_SIGN_IDENTITY[sdk=iphoneos*]" = "iPhone Developer";
				COPY_PHASE_STRIP = NO;
				DEBUG_INFORMATION_FORMAT = "dwarf-with-dsym";
				ENABLE_STRICT_OBJC_MSGSEND = YES;
				GCC_C_LANGUAGE_STANDARD = gnu99;
				GCC_DYNAMIC_NO_PIC = NO;
				GCC_NO_COMMON_BLOCKS = YES;
				GCC_OPTIMIZATION_LEVEL = 0;
				GCC_PREPROCESSOR_DEFINITIONS = (
					"DEBUG=1",
					"$(inherited)",
				);
				GCC_SYMBOLS_PRIVATE_EXTERN = NO;
				GCC_WARN_64_TO_32_BIT_CONVERSION = YES;
				GCC_WARN_ABOUT_RETURN_TYPE = YES_ERROR;
				GCC_WARN_UNDECLARED_SELECTOR = YES;
				GCC_WARN_UNINITIALIZED_AUTOS = YES_AGGRESSIVE;
				GCC_WARN_UNUSED_FUNCTION = YES;
				GCC_WARN_UNUSED_VARIABLE = YES;
				IPHONEOS_DEPLOYMENT_TARGET = 8.4;
				MTL_ENABLE_DEBUG_INFO = YES;
				ONLY_ACTIVE_ARCH = YES;
				SDKROOT = iphoneos;
				SWIFT_OPTIMIZATION_LEVEL = "-Onone";
				TARGETED_DEVICE_FAMILY = "1,2";
			};
			name = Debug;
		};
		4ECAE15F1B697389000200C3 /* Release */ = {
			isa = XCBuildConfiguration;
			buildSettings = {
				ALWAYS_SEARCH_USER_PATHS = NO;
				CLANG_CXX_LANGUAGE_STANDARD = "gnu++0x";
				CLANG_CXX_LIBRARY = "libc++";
				CLANG_ENABLE_MODULES = YES;
				CLANG_ENABLE_OBJC_ARC = YES;
				CLANG_WARN_BOOL_CONVERSION = YES;
				CLANG_WARN_CONSTANT_CONVERSION = YES;
				CLANG_WARN_DIRECT_OBJC_ISA_USAGE = YES_ERROR;
				CLANG_WARN_EMPTY_BODY = YES;
				CLANG_WARN_ENUM_CONVERSION = YES;
				CLANG_WARN_INT_CONVERSION = YES;
				CLANG_WARN_OBJC_ROOT_CLASS = YES_ERROR;
				CLANG_WARN_UNREACHABLE_CODE = YES;
				CLANG_WARN__DUPLICATE_METHOD_MATCH = YES;
				"CODE_SIGN_IDENTITY[sdk=iphoneos*]" = "iPhone Developer";
				COPY_PHASE_STRIP = NO;
				DEBUG_INFORMATION_FORMAT = "dwarf-with-dsym";
				ENABLE_NS_ASSERTIONS = NO;
				ENABLE_STRICT_OBJC_MSGSEND = YES;
				GCC_C_LANGUAGE_STANDARD = gnu99;
				GCC_NO_COMMON_BLOCKS = YES;
				GCC_WARN_64_TO_32_BIT_CONVERSION = YES;
				GCC_WARN_ABOUT_RETURN_TYPE = YES_ERROR;
				GCC_WARN_UNDECLARED_SELECTOR = YES;
				GCC_WARN_UNINITIALIZED_AUTOS = YES_AGGRESSIVE;
				GCC_WARN_UNUSED_FUNCTION = YES;
				GCC_WARN_UNUSED_VARIABLE = YES;
				IPHONEOS_DEPLOYMENT_TARGET = 8.4;
				MTL_ENABLE_DEBUG_INFO = NO;
				SDKROOT = iphoneos;
				TARGETED_DEVICE_FAMILY = "1,2";
				VALIDATE_PRODUCT = YES;
			};
			name = Release;
		};
		4ECAE1611B697389000200C3 /* Debug */ = {
			isa = XCBuildConfiguration;
			buildSettings = {
				ASSETCATALOG_COMPILER_APPICON_NAME = AppIcon;
				INFOPLIST_FILE = Soundboard/Info.plist;
				LD_RUNPATH_SEARCH_PATHS = "$(inherited) @executable_path/Frameworks";
				PRODUCT_NAME = "$(TARGET_NAME)";
			};
			name = Debug;
		};
		4ECAE1621B697389000200C3 /* Release */ = {
			isa = XCBuildConfiguration;
			buildSettings = {
				ASSETCATALOG_COMPILER_APPICON_NAME = AppIcon;
				INFOPLIST_FILE = Soundboard/Info.plist;
				LD_RUNPATH_SEARCH_PATHS = "$(inherited) @executable_path/Frameworks";
				PRODUCT_NAME = "$(TARGET_NAME)";
			};
			name = Release;
		};
		4ECAE1641B697389000200C3 /* Debug */ = {
			isa = XCBuildConfiguration;
			buildSettings = {
				BUNDLE_LOADER = "$(TEST_HOST)";
				FRAMEWORK_SEARCH_PATHS = (
					"$(SDKROOT)/Developer/Library/Frameworks",
					"$(inherited)",
				);
				GCC_PREPROCESSOR_DEFINITIONS = (
					"DEBUG=1",
					"$(inherited)",
				);
				INFOPLIST_FILE = SoundboardTests/Info.plist;
				LD_RUNPATH_SEARCH_PATHS = "$(inherited) @executable_path/Frameworks @loader_path/Frameworks";
				PRODUCT_NAME = "$(TARGET_NAME)";
				TEST_HOST = "$(BUILT_PRODUCTS_DIR)/Soundboard.app/Soundboard";
			};
			name = Debug;
		};
		4ECAE1651B697389000200C3 /* Release */ = {
			isa = XCBuildConfiguration;
			buildSettings = {
				BUNDLE_LOADER = "$(TEST_HOST)";
				FRAMEWORK_SEARCH_PATHS = (
					"$(SDKROOT)/Developer/Library/Frameworks",
					"$(inherited)",
				);
				INFOPLIST_FILE = SoundboardTests/Info.plist;
				LD_RUNPATH_SEARCH_PATHS = "$(inherited) @executable_path/Frameworks @loader_path/Frameworks";
				PRODUCT_NAME = "$(TARGET_NAME)";
				TEST_HOST = "$(BUILT_PRODUCTS_DIR)/Soundboard.app/Soundboard";
			};
			name = Release;
		};
/* End XCBuildConfiguration section */

/* Begin XCConfigurationList section */
		4ECAE1391B697389000200C3 /* Build configuration list for PBXProject "Soundboard" */ = {
			isa = XCConfigurationList;
			buildConfigurations = (
				4ECAE15E1B697389000200C3 /* Debug */,
				4ECAE15F1B697389000200C3 /* Release */,
			);
			defaultConfigurationIsVisible = 0;
			defaultConfigurationName = Release;
		};
		4ECAE1601B697389000200C3 /* Build configuration list for PBXNativeTarget "Soundboard" */ = {
			isa = XCConfigurationList;
			buildConfigurations = (
				4ECAE1611B697389000200C3 /* Debug */,
				4ECAE1621B697389000200C3 /* Release */,
			);
			defaultConfigurationIsVisible = 0;
		};
		4ECAE1631B697389000200C3 /* Build configuration list for PBXNativeTarget "SoundboardTests" */ = {
			isa = XCConfigurationList;
			buildConfigurations = (
				4ECAE1641B697389000200C3 /* Debug */,
				4ECAE1651B697389000200C3 /* Release */,
			);
			defaultConfigurationIsVisible = 0;
		};
/* End XCConfigurationList section */

/* Begin XCVersionGroup section */
		4ECAE1451B697389000200C3 /* Soundboard.xcdatamodeld */ = {
			isa = XCVersionGroup;
			children = (
				4ECAE1461B697389000200C3 /* Soundboard.xcdatamodel */,
			);
			currentVersion = 4ECAE1461B697389000200C3 /* Soundboard.xcdatamodel */;
			path = Soundboard.xcdatamodeld;
			sourceTree = "<group>";
			versionGroupType = wrapper.xcdatamodel;
		};
/* End XCVersionGroup section */
	};
	rootObject = 4ECAE1361B697389000200C3 /* Project object */;
}
